
Microsoft Visual Studio Solution File, Format Version 12.00
# Visual Studio Version 17
VisualStudioVersion = 17.13.35723.152 d17.13
MinimumVisualStudioVersion = 10.0.40219.1
Project("{FAE04EC0-301F-11D3-BF4B-00C04F79EFBC}") = "server", "server.csproj", "{1D288B86-D683-4FC4-8493-23FF7AF3893D}"
EndProject
Global
	GlobalSection(SolutionConfigurationPlatforms) = preSolution
		Debug|Any CPU = Debug|Any CPU
		Release|Any CPU = Release|Any CPU
	EndGlobalSection
	GlobalSection(ProjectConfigurationPlatforms) = postSolution
		{1D288B86-D683-4FC4-8493-23FF7AF3893D}.Debug|Any CPU.ActiveCfg = Debug|Any CPU
		{1D288B86-D683-4FC4-8493-23FF7AF3893D}.Debug|Any CPU.Build.0 = Debug|Any CPU
		{1D288B86-D683-4FC4-8493-23FF7AF3893D}.Release|Any CPU.ActiveCfg = Release|Any CPU
		{1D288B86-D683-4FC4-8493-23FF7AF3893D}.Release|Any CPU.Build.0 = Release|Any CPU
	EndGlobalSection
	GlobalSection(SolutionProperties) = preSolution
		HideSolutionNode = FALSE
	EndGlobalSection
	GlobalSection(ExtensibilityGlobals) = postSolution
		SolutionGuid = {4A9CA5CD-E4E8-4A5F-8410-654FAC358D5F}
	EndGlobalSection
EndGlobal
